// !$*UTF8*$!
{
	archiveVersion = 1;
	classes = {
	};
	objectVersion = 46;
	objects = {

/* Begin PBXBuildFile section */
		A40AAF7919CA80DB002B8892 /* WYAVCameraPreviewView.m in Sources */ = {isa = PBXBuildFile; fileRef = A40AAF7819CA80DB002B8892 /* WYAVCameraPreviewView.m */; };
		A45213CC19CFBB410065B7A8 /* WYCamerViewController.m in Sources */ = {isa = PBXBuildFile; fileRef = A45213CB19CFBB410065B7A8 /* WYCamerViewController.m */; };
		A452141B19CFE0230065B7A8 /* SVProgressHUD.bundle in Resources */ = {isa = PBXBuildFile; fileRef = A452141819CFE0230065B7A8 /* SVProgressHUD.bundle */; };
		A452141C19CFE0230065B7A8 /* SVProgressHUD.m in Sources */ = {isa = PBXBuildFile; fileRef = A452141A19CFE0230065B7A8 /* SVProgressHUD.m */; };
		A4B1DF4319CA6B85004A3F9C /* Foundation.framework in Frameworks */ = {isa = PBXBuildFile; fileRef = A4B1DF4219CA6B85004A3F9C /* Foundation.framework */; };
		A4B1DF4519CA6B85004A3F9C /* CoreGraphics.framework in Frameworks */ = {isa = PBXBuildFile; fileRef = A4B1DF4419CA6B85004A3F9C /* CoreGraphics.framework */; };
		A4B1DF4719CA6B85004A3F9C /* UIKit.framework in Frameworks */ = {isa = PBXBuildFile; fileRef = A4B1DF4619CA6B85004A3F9C /* UIKit.framework */; };
		A4B1DF4D19CA6B85004A3F9C /* InfoPlist.strings in Resources */ = {isa = PBXBuildFile; fileRef = A4B1DF4B19CA6B85004A3F9C /* InfoPlist.strings */; };
		A4B1DF4F19CA6B85004A3F9C /* main.m in Sources */ = {isa = PBXBuildFile; fileRef = A4B1DF4E19CA6B85004A3F9C /* main.m */; };
		A4B1DF5319CA6B85004A3F9C /* WYAppDelegate.m in Sources */ = {isa = PBXBuildFile; fileRef = A4B1DF5219CA6B85004A3F9C /* WYAppDelegate.m */; };
		A4B1DF5619CA6B85004A3F9C /* Main.storyboard in Resources */ = {isa = PBXBuildFile; fileRef = A4B1DF5419CA6B85004A3F9C /* Main.storyboard */; };
		A4B1DF5919CA6B85004A3F9C /* WYCamerController.m in Sources */ = {isa = PBXBuildFile; fileRef = A4B1DF5819CA6B85004A3F9C /* WYCamerController.m */; };
		A4B1DF5B19CA6B85004A3F9C /* Images.xcassets in Resources */ = {isa = PBXBuildFile; fileRef = A4B1DF5A19CA6B85004A3F9C /* Images.xcassets */; };
		A4B1DF6219CA6B85004A3F9C /* XCTest.framework in Frameworks */ = {isa = PBXBuildFile; fileRef = A4B1DF6119CA6B85004A3F9C /* XCTest.framework */; };
		A4B1DF6319CA6B85004A3F9C /* Foundation.framework in Frameworks */ = {isa = PBXBuildFile; fileRef = A4B1DF4219CA6B85004A3F9C /* Foundation.framework */; };
		A4B1DF6419CA6B85004A3F9C /* UIKit.framework in Frameworks */ = {isa = PBXBuildFile; fileRef = A4B1DF4619CA6B85004A3F9C /* UIKit.framework */; };
		A4B1DF6C19CA6B85004A3F9C /* InfoPlist.strings in Resources */ = {isa = PBXBuildFile; fileRef = A4B1DF6A19CA6B85004A3F9C /* InfoPlist.strings */; };
		A4B1DF6E19CA6B85004A3F9C /* cameraSettingDemoTests.m in Sources */ = {isa = PBXBuildFile; fileRef = A4B1DF6D19CA6B85004A3F9C /* cameraSettingDemoTests.m */; };
		A4B1DF7819CA6CB6004A3F9C /* AVFoundation.framework in Frameworks */ = {isa = PBXBuildFile; fileRef = A4B1DF7719CA6CB6004A3F9C /* AVFoundation.framework */; };
		A4B1DF7A19CA76C7004A3F9C /* ImageIO.framework in Frameworks */ = {isa = PBXBuildFile; fileRef = A4B1DF7919CA76C7004A3F9C /* ImageIO.framework */; };
		A4B1DF7C19CA76D2004A3F9C /* CoreMedia.framework in Frameworks */ = {isa = PBXBuildFile; fileRef = A4B1DF7B19CA76D2004A3F9C /* CoreMedia.framework */; };
		A4B3FE5D19CC08760062A515 /* WYCaptureSessionManger.m in Sources */ = {isa = PBXBuildFile; fileRef = A4B3FE5C19CC08760062A515 /* WYCaptureSessionManger.m */; };
		A4B3FE6019CC0BBF0062A515 /* UIImage+Extension.m in Sources */ = {isa = PBXBuildFile; fileRef = A4B3FE5F19CC0BBF0062A515 /* UIImage+Extension.m */; };
/* End PBXBuildFile section */

/* Begin PBXContainerItemProxy section */
		A4B1DF6519CA6B85004A3F9C /* PBXContainerItemProxy */ = {
			isa = PBXContainerItemProxy;
			containerPortal = A4B1DF3719CA6B85004A3F9C /* Project object */;
			proxyType = 1;
			remoteGlobalIDString = A4B1DF3E19CA6B85004A3F9C;
			remoteInfo = cameraSettingDemo;
		};
/* End PBXContainerItemProxy section */

/* Begin PBXFileReference section */
		A40AAF7719CA80DB002B8892 /* WYAVCameraPreviewView.h */ = {isa = PBXFileReference; fileEncoding = 4; lastKnownFileType = sourcecode.c.h; path = WYAVCameraPreviewView.h; sourceTree = "<group>"; };
		A40AAF7819CA80DB002B8892 /* WYAVCameraPreviewView.m */ = {isa = PBXFileReference; fileEncoding = 4; lastKnownFileType = sourcecode.c.objc; path = WYAVCameraPreviewView.m; sourceTree = "<group>"; };
		A45213CA19CFBB410065B7A8 /* WYCamerViewController.h */ = {isa = PBXFileReference; fileEncoding = 4; lastKnownFileType = sourcecode.c.h; path = WYCamerViewController.h; sourceTree = "<group>"; };
		A45213CB19CFBB410065B7A8 /* WYCamerViewController.m */ = {isa = PBXFileReference; fileEncoding = 4; lastKnownFileType = sourcecode.c.objc; path = WYCamerViewController.m; sourceTree = "<group>"; };
		A452141819CFE0230065B7A8 /* SVProgressHUD.bundle */ = {isa = PBXFileReference; lastKnownFileType = "wrapper.plug-in"; path = SVProgressHUD.bundle; sourceTree = "<group>"; };
		A452141919CFE0230065B7A8 /* SVProgressHUD.h */ = {isa = PBXFileReference; fileEncoding = 4; lastKnownFileType = sourcecode.c.h; path = SVProgressHUD.h; sourceTree = "<group>"; };
		A452141A19CFE0230065B7A8 /* SVProgressHUD.m */ = {isa = PBXFileReference; fileEncoding = 4; lastKnownFileType = sourcecode.c.objc; path = SVProgressHUD.m; sourceTree = "<group>"; };
		A4B1DF3F19CA6B85004A3F9C /* cameraSettingDemo.app */ = {isa = PBXFileReference; explicitFileType = wrapper.application; includeInIndex = 0; path = cameraSettingDemo.app; sourceTree = BUILT_PRODUCTS_DIR; };
		A4B1DF4219CA6B85004A3F9C /* Foundation.framework */ = {isa = PBXFileReference; lastKnownFileType = wrapper.framework; name = Foundation.framework; path = System/Library/Frameworks/Foundation.framework; sourceTree = SDKROOT; };
		A4B1DF4419CA6B85004A3F9C /* CoreGraphics.framework */ = {isa = PBXFileReference; lastKnownFileType = wrapper.framework; name = CoreGraphics.framework; path = System/Library/Frameworks/CoreGraphics.framework; sourceTree = SDKROOT; };
		A4B1DF4619CA6B85004A3F9C /* UIKit.framework */ = {isa = PBXFileReference; lastKnownFileType = wrapper.framework; name = UIKit.framework; path = System/Library/Frameworks/UIKit.framework; sourceTree = SDKROOT; };
		A4B1DF4A19CA6B85004A3F9C /* cameraSettingDemo-Info.plist */ = {isa = PBXFileReference; lastKnownFileType = text.plist.xml; path = "cameraSettingDemo-Info.plist"; sourceTree = "<group>"; };
		A4B1DF4C19CA6B85004A3F9C /* en */ = {isa = PBXFileReference; lastKnownFileType = text.plist.strings; name = en; path = en.lproj/InfoPlist.strings; sourceTree = "<group>"; };
		A4B1DF4E19CA6B85004A3F9C /* main.m */ = {isa = PBXFileReference; lastKnownFileType = sourcecode.c.objc; path = main.m; sourceTree = "<group>"; };
		A4B1DF5019CA6B85004A3F9C /* cameraSettingDemo-Prefix.pch */ = {isa = PBXFileReference; lastKnownFileType = sourcecode.c.h; path = "cameraSettingDemo-Prefix.pch"; sourceTree = "<group>"; };
		A4B1DF5119CA6B85004A3F9C /* WYAppDelegate.h */ = {isa = PBXFileReference; lastKnownFileType = sourcecode.c.h; path = WYAppDelegate.h; sourceTree = "<group>"; };
		A4B1DF5219CA6B85004A3F9C /* WYAppDelegate.m */ = {isa = PBXFileReference; lastKnownFileType = sourcecode.c.objc; path = WYAppDelegate.m; sourceTree = "<group>"; };
		A4B1DF5519CA6B85004A3F9C /* Base */ = {isa = PBXFileReference; lastKnownFileType = file.storyboard; name = Base; path = Base.lproj/Main.storyboard; sourceTree = "<group>"; };
		A4B1DF5719CA6B85004A3F9C /* WYCamerController.h */ = {isa = PBXFileReference; lastKnownFileType = sourcecode.c.h; path = WYCamerController.h; sourceTree = "<group>"; };
		A4B1DF5819CA6B85004A3F9C /* WYCamerController.m */ = {isa = PBXFileReference; lastKnownFileType = sourcecode.c.objc; path = WYCamerController.m; sourceTree = "<group>"; };
		A4B1DF5A19CA6B85004A3F9C /* Images.xcassets */ = {isa = PBXFileReference; lastKnownFileType = folder.assetcatalog; path = Images.xcassets; sourceTree = "<group>"; };
		A4B1DF6019CA6B85004A3F9C /* cameraSettingDemoTests.xctest */ = {isa = PBXFileReference; explicitFileType = wrapper.cfbundle; includeInIndex = 0; path = cameraSettingDemoTests.xctest; sourceTree = BUILT_PRODUCTS_DIR; };
		A4B1DF6119CA6B85004A3F9C /* XCTest.framework */ = {isa = PBXFileReference; lastKnownFileType = wrapper.framework; name = XCTest.framework; path = Library/Frameworks/XCTest.framework; sourceTree = DEVELOPER_DIR; };
		A4B1DF6919CA6B85004A3F9C /* cameraSettingDemoTests-Info.plist */ = {isa = PBXFileReference; lastKnownFileType = text.plist.xml; path = "cameraSettingDemoTests-Info.plist"; sourceTree = "<group>"; };
		A4B1DF6B19CA6B85004A3F9C /* en */ = {isa = PBXFileReference; lastKnownFileType = text.plist.strings; name = en; path = en.lproj/InfoPlist.strings; sourceTree = "<group>"; };
		A4B1DF6D19CA6B85004A3F9C /* cameraSettingDemoTests.m */ = {isa = PBXFileReference; lastKnownFileType = sourcecode.c.objc; path = cameraSettingDemoTests.m; sourceTree = "<group>"; };
		A4B1DF7719CA6CB6004A3F9C /* AVFoundation.framework */ = {isa = PBXFileReference; lastKnownFileType = wrapper.framework; name = AVFoundation.framework; path = System/Library/Frameworks/AVFoundation.framework; sourceTree = SDKROOT; };
		A4B1DF7919CA76C7004A3F9C /* ImageIO.framework */ = {isa = PBXFileReference; lastKnownFileType = wrapper.framework; name = ImageIO.framework; path = System/Library/Frameworks/ImageIO.framework; sourceTree = SDKROOT; };
		A4B1DF7B19CA76D2004A3F9C /* CoreMedia.framework */ = {isa = PBXFileReference; lastKnownFileType = wrapper.framework; name = CoreMedia.framework; path = System/Library/Frameworks/CoreMedia.framework; sourceTree = SDKROOT; };
		A4B3FE5B19CC08760062A515 /* WYCaptureSessionManger.h */ = {isa = PBXFileReference; fileEncoding = 4; lastKnownFileType = sourcecode.c.h; path = WYCaptureSessionManger.h; sourceTree = "<group>"; };
		A4B3FE5C19CC08760062A515 /* WYCaptureSessionManger.m */ = {isa = PBXFileReference; fileEncoding = 4; lastKnownFileType = sourcecode.c.objc; path = WYCaptureSessionManger.m; sourceTree = "<group>"; };
		A4B3FE5E19CC0BBF0062A515 /* UIImage+Extension.h */ = {isa = PBXFileReference; fileEncoding = 4; lastKnownFileType = sourcecode.c.h; path = "UIImage+Extension.h"; sourceTree = "<group>"; };
		A4B3FE5F19CC0BBF0062A515 /* UIImage+Extension.m */ = {isa = PBXFileReference; fileEncoding = 4; lastKnownFileType = sourcecode.c.objc; path = "UIImage+Extension.m"; sourceTree = "<group>"; };
/* End PBXFileReference section */

/* Begin PBXFrameworksBuildPhase section */
		A4B1DF3C19CA6B85004A3F9C /* Frameworks */ = {
			isa = PBXFrameworksBuildPhase;
			buildActionMask = 2147483647;
			files = (
				A4B1DF7C19CA76D2004A3F9C /* CoreMedia.framework in Frameworks */,
				A4B1DF7A19CA76C7004A3F9C /* ImageIO.framework in Frameworks */,
				A4B1DF7819CA6CB6004A3F9C /* AVFoundation.framework in Frameworks */,
				A4B1DF4519CA6B85004A3F9C /* CoreGraphics.framework in Frameworks */,
				A4B1DF4719CA6B85004A3F9C /* UIKit.framework in Frameworks */,
				A4B1DF4319CA6B85004A3F9C /* Foundation.framework in Frameworks */,
			);
			runOnlyForDeploymentPostprocessing = 0;
		};
		A4B1DF5D19CA6B85004A3F9C /* Frameworks */ = {
			isa = PBXFrameworksBuildPhase;
			buildActionMask = 2147483647;
			files = (
				A4B1DF6219CA6B85004A3F9C /* XCTest.framework in Frameworks */,
				A4B1DF6419CA6B85004A3F9C /* UIKit.framework in Frameworks */,
				A4B1DF6319CA6B85004A3F9C /* Foundation.framework in Frameworks */,
			);
			runOnlyForDeploymentPostprocessing = 0;
		};
/* End PBXFrameworksBuildPhase section */

/* Begin PBXGroup section */
		A45213CD19CFD4C80065B7A8 /* Vendors */ = {
			isa = PBXGroup;
			children = (
				A452141719CFE0230065B7A8 /* SVProgressHUD */,
			);
			path = Vendors;
			sourceTree = "<group>";
		};
		A452141719CFE0230065B7A8 /* SVProgressHUD */ = {
			isa = PBXGroup;
			children = (
				A452141819CFE0230065B7A8 /* SVProgressHUD.bundle */,
				A452141919CFE0230065B7A8 /* SVProgressHUD.h */,
				A452141A19CFE0230065B7A8 /* SVProgressHUD.m */,
			);
			path = SVProgressHUD;
			sourceTree = "<group>";
		};
		A4B1DF3619CA6B85004A3F9C = {
			isa = PBXGroup;
			children = (
				A4B1DF4819CA6B85004A3F9C /* cameraSettingDemo */,
				A4B1DF6719CA6B85004A3F9C /* cameraSettingDemoTests */,
				A4B1DF4119CA6B85004A3F9C /* Frameworks */,
				A4B1DF4019CA6B85004A3F9C /* Products */,
			);
			sourceTree = "<group>";
		};
		A4B1DF4019CA6B85004A3F9C /* Products */ = {
			isa = PBXGroup;
			children = (
				A4B1DF3F19CA6B85004A3F9C /* cameraSettingDemo.app */,
				A4B1DF6019CA6B85004A3F9C /* cameraSettingDemoTests.xctest */,
			);
			name = Products;
			sourceTree = "<group>";
		};
		A4B1DF4119CA6B85004A3F9C /* Frameworks */ = {
			isa = PBXGroup;
			children = (
				A4B1DF7B19CA76D2004A3F9C /* CoreMedia.framework */,
				A4B1DF7919CA76C7004A3F9C /* ImageIO.framework */,
				A4B1DF7719CA6CB6004A3F9C /* AVFoundation.framework */,
				A4B1DF4219CA6B85004A3F9C /* Foundation.framework */,
				A4B1DF4419CA6B85004A3F9C /* CoreGraphics.framework */,
				A4B1DF4619CA6B85004A3F9C /* UIKit.framework */,
				A4B1DF6119CA6B85004A3F9C /* XCTest.framework */,
			);
			name = Frameworks;
			sourceTree = "<group>";
		};
		A4B1DF4819CA6B85004A3F9C /* cameraSettingDemo */ = {
			isa = PBXGroup;
			children = (
				A45213CD19CFD4C80065B7A8 /* Vendors */,
				A4B3FE5A19CC08760062A515 /* WYCaptureCamer */,
				A4B1DF5119CA6B85004A3F9C /* WYAppDelegate.h */,
				A4B1DF5219CA6B85004A3F9C /* WYAppDelegate.m */,
				A4B1DF5419CA6B85004A3F9C /* Main.storyboard */,
				A4B1DF5719CA6B85004A3F9C /* WYCamerController.h */,
				A4B1DF5819CA6B85004A3F9C /* WYCamerController.m */,
				A40AAF7719CA80DB002B8892 /* WYAVCameraPreviewView.h */,
				A40AAF7819CA80DB002B8892 /* WYAVCameraPreviewView.m */,
				A4B1DF5A19CA6B85004A3F9C /* Images.xcassets */,
				A4B1DF4919CA6B85004A3F9C /* Supporting Files */,
			);
			path = cameraSettingDemo;
			sourceTree = "<group>";
		};
		A4B1DF4919CA6B85004A3F9C /* Supporting Files */ = {
			isa = PBXGroup;
			children = (
				A4B1DF4A19CA6B85004A3F9C /* cameraSettingDemo-Info.plist */,
				A4B1DF4B19CA6B85004A3F9C /* InfoPlist.strings */,
				A4B1DF4E19CA6B85004A3F9C /* main.m */,
				A4B1DF5019CA6B85004A3F9C /* cameraSettingDemo-Prefix.pch */,
			);
			name = "Supporting Files";
			sourceTree = "<group>";
		};
		A4B1DF6719CA6B85004A3F9C /* cameraSettingDemoTests */ = {
			isa = PBXGroup;
			children = (
				A4B1DF6D19CA6B85004A3F9C /* cameraSettingDemoTests.m */,
				A4B1DF6819CA6B85004A3F9C /* Supporting Files */,
			);
			path = cameraSettingDemoTests;
			sourceTree = "<group>";
		};
		A4B1DF6819CA6B85004A3F9C /* Supporting Files */ = {
			isa = PBXGroup;
			children = (
				A4B1DF6919CA6B85004A3F9C /* cameraSettingDemoTests-Info.plist */,
				A4B1DF6A19CA6B85004A3F9C /* InfoPlist.strings */,
			);
			name = "Supporting Files";
			sourceTree = "<group>";
		};
		A4B3FE5A19CC08760062A515 /* WYCaptureCamer */ = {
			isa = PBXGroup;
			children = (
				A4B3FE5B19CC08760062A515 /* WYCaptureSessionManger.h */,
				A4B3FE5C19CC08760062A515 /* WYCaptureSessionManger.m */,
				A4B3FE5E19CC0BBF0062A515 /* UIImage+Extension.h */,
				A4B3FE5F19CC0BBF0062A515 /* UIImage+Extension.m */,
				A45213CA19CFBB410065B7A8 /* WYCamerViewController.h */,
				A45213CB19CFBB410065B7A8 /* WYCamerViewController.m */,
			);
			path = WYCaptureCamer;
			sourceTree = "<group>";
		};
/* End PBXGroup section */

/* Begin PBXNativeTarget section */
		A4B1DF3E19CA6B85004A3F9C /* cameraSettingDemo */ = {
			isa = PBXNativeTarget;
			buildConfigurationList = A4B1DF7119CA6B85004A3F9C /* Build configuration list for PBXNativeTarget "cameraSettingDemo" */;
			buildPhases = (
				A4B1DF3B19CA6B85004A3F9C /* Sources */,
				A4B1DF3C19CA6B85004A3F9C /* Frameworks */,
				A4B1DF3D19CA6B85004A3F9C /* Resources */,
			);
			buildRules = (
			);
			dependencies = (
			);
			name = cameraSettingDemo;
			productName = cameraSettingDemo;
			productReference = A4B1DF3F19CA6B85004A3F9C /* cameraSettingDemo.app */;
			productType = "com.apple.product-type.application";
		};
		A4B1DF5F19CA6B85004A3F9C /* cameraSettingDemoTests */ = {
			isa = PBXNativeTarget;
			buildConfigurationList = A4B1DF7419CA6B85004A3F9C /* Build configuration list for PBXNativeTarget "cameraSettingDemoTests" */;
			buildPhases = (
				A4B1DF5C19CA6B85004A3F9C /* Sources */,
				A4B1DF5D19CA6B85004A3F9C /* Frameworks */,
				A4B1DF5E19CA6B85004A3F9C /* Resources */,
			);
			buildRules = (
			);
			dependencies = (
				A4B1DF6619CA6B85004A3F9C /* PBXTargetDependency */,
			);
			name = cameraSettingDemoTests;
			productName = cameraSettingDemoTests;
			productReference = A4B1DF6019CA6B85004A3F9C /* cameraSettingDemoTests.xctest */;
			productType = "com.apple.product-type.bundle.unit-test";
		};
/* End PBXNativeTarget section */

/* Begin PBXProject section */
		A4B1DF3719CA6B85004A3F9C /* Project object */ = {
			isa = PBXProject;
			attributes = {
				CLASSPREFIX = WY;
				LastUpgradeCheck = 0510;
				ORGANIZATIONNAME = camera360;
				TargetAttributes = {
					A4B1DF5F19CA6B85004A3F9C = {
						TestTargetID = A4B1DF3E19CA6B85004A3F9C;
					};
				};
			};
			buildConfigurationList = A4B1DF3A19CA6B85004A3F9C /* Build configuration list for PBXProject "cameraSettingDemo" */;
			compatibilityVersion = "Xcode 3.2";
			developmentRegion = English;
			hasScannedForEncodings = 0;
			knownRegions = (
				en,
				Base,
			);
			mainGroup = A4B1DF3619CA6B85004A3F9C;
			productRefGroup = A4B1DF4019CA6B85004A3F9C /* Products */;
			projectDirPath = "";
			projectRoot = "";
			targets = (
				A4B1DF3E19CA6B85004A3F9C /* cameraSettingDemo */,
				A4B1DF5F19CA6B85004A3F9C /* cameraSettingDemoTests */,
			);
		};
/* End PBXProject section */

/* Begin PBXResourcesBuildPhase section */
		A4B1DF3D19CA6B85004A3F9C /* Resources */ = {
			isa = PBXResourcesBuildPhase;
			buildActionMask = 2147483647;
			files = (
				A4B1DF5B19CA6B85004A3F9C /* Images.xcassets in Resources */,
				A4B1DF4D19CA6B85004A3F9C /* InfoPlist.strings in Resources */,
				A4B1DF5619CA6B85004A3F9C /* Main.storyboard in Resources */,
				A452141B19CFE0230065B7A8 /* SVProgressHUD.bundle in Resources */,
			);
			runOnlyForDeploymentPostprocessing = 0;
		};
		A4B1DF5E19CA6B85004A3F9C /* Resources */ = {
			isa = PBXResourcesBuildPhase;
			buildActionMask = 2147483647;
			files = (
				A4B1DF6C19CA6B85004A3F9C /* InfoPlist.strings in Resources */,
			);
			runOnlyForDeploymentPostprocessing = 0;
		};
/* End PBXResourcesBuildPhase section */

/* Begin PBXSourcesBuildPhase section */
		A4B1DF3B19CA6B85004A3F9C /* Sources */ = {
			isa = PBXSourcesBuildPhase;
			buildActionMask = 2147483647;
			files = (
				A4B1DF5319CA6B85004A3F9C /* WYAppDelegate.m in Sources */,
				A452141C19CFE0230065B7A8 /* SVProgressHUD.m in Sources */,
				A4B3FE5D19CC08760062A515 /* WYCaptureSessionManger.m in Sources */,
				A4B1DF4F19CA6B85004A3F9C /* main.m in Sources */,
				A45213CC19CFBB410065B7A8 /* WYCamerViewController.m in Sources */,
				A4B3FE6019CC0BBF0062A515 /* UIImage+Extension.m in Sources */,
				A4B1DF5919CA6B85004A3F9C /* WYCamerController.m in Sources */,
				A40AAF7919CA80DB002B8892 /* WYAVCameraPreviewView.m in Sources */,
			);
			runOnlyForDeploymentPostprocessing = 0;
		};
		A4B1DF5C19CA6B85004A3F9C /* Sources */ = {
			isa = PBXSourcesBuildPhase;
			buildActionMask = 2147483647;
			files = (
				A4B1DF6E19CA6B85004A3F9C /* cameraSettingDemoTests.m in Sources */,
			);
			runOnlyForDeploymentPostprocessing = 0;
		};
/* End PBXSourcesBuildPhase section */

/* Begin PBXTargetDependency section */
		A4B1DF6619CA6B85004A3F9C /* PBXTargetDependency */ = {
			isa = PBXTargetDependency;
			target = A4B1DF3E19CA6B85004A3F9C /* cameraSettingDemo */;
			targetProxy = A4B1DF6519CA6B85004A3F9C /* PBXContainerItemProxy */;
		};
/* End PBXTargetDependency section */

/* Begin PBXVariantGroup section */
		A4B1DF4B19CA6B85004A3F9C /* InfoPlist.strings */ = {
			isa = PBXVariantGroup;
			children = (
				A4B1DF4C19CA6B85004A3F9C /* en */,
			);
			name = InfoPlist.strings;
			sourceTree = "<group>";
		};
		A4B1DF5419CA6B85004A3F9C /* Main.storyboard */ = {
			isa = PBXVariantGroup;
			children = (
				A4B1DF5519CA6B85004A3F9C /* Base */,
			);
			name = Main.storyboard;
			sourceTree = "<group>";
		};
		A4B1DF6A19CA6B85004A3F9C /* InfoPlist.strings */ = {
			isa = PBXVariantGroup;
			children = (
				A4B1DF6B19CA6B85004A3F9C /* en */,
			);
			name = InfoPlist.strings;
			sourceTree = "<group>";
		};
/* End PBXVariantGroup section */

/* Begin XCBuildConfiguration section */
		A4B1DF6F19CA6B85004A3F9C /* Debug */ = {
			isa = XCBuildConfiguration;
			buildSettings = {
				ALWAYS_SEARCH_USER_PATHS = NO;
				CLANG_CXX_LANGUAGE_STANDARD = "gnu++0x";
				CLANG_CXX_LIBRARY = "libc++";
				CLANG_ENABLE_MODULES = YES;
				CLANG_ENABLE_OBJC_ARC = YES;
				CLANG_WARN_BOOL_CONVERSION = YES;
				CLANG_WARN_CONSTANT_CONVERSION = YES;
				CLANG_WARN_DIRECT_OBJC_ISA_USAGE = YES_ERROR;
				CLANG_WARN_EMPTY_BODY = YES;
				CLANG_WARN_ENUM_CONVERSION = YES;
				CLANG_WARN_INT_CONVERSION = YES;
				CLANG_WARN_OBJC_ROOT_CLASS = YES_ERROR;
				CLANG_WARN__DUPLICATE_METHOD_MATCH = YES;
				"CODE_SIGN_IDENTITY[sdk=iphoneos*]" = "iPhone Developer";
				COPY_PHASE_STRIP = NO;
				GCC_C_LANGUAGE_STANDARD = gnu99;
				GCC_DYNAMIC_NO_PIC = NO;
				GCC_OPTIMIZATION_LEVEL = 0;
				GCC_PREPROCESSOR_DEFINITIONS = (
					"DEBUG=1",
					"$(inherited)",
				);
				GCC_SYMBOLS_PRIVATE_EXTERN = NO;
				GCC_WARN_64_TO_32_BIT_CONVERSION = YES;
				GCC_WARN_ABOUT_RETURN_TYPE = YES_ERROR;
				GCC_WARN_UNDECLARED_SELECTOR = YES;
				GCC_WARN_UNINITIALIZED_AUTOS = YES_AGGRESSIVE;
				GCC_WARN_UNUSED_FUNCTION = YES;
				GCC_WARN_UNUSED_VARIABLE = YES;
				IPHONEOS_DEPLOYMENT_TARGET = 7.1;
				ONLY_ACTIVE_ARCH = YES;
				SDKROOT = iphoneos;
				TARGETED_DEVICE_FAMILY = 2;
			};
			name = Debug;
		};
		A4B1DF7019CA6B85004A3F9C /* Release */ = {
			isa = XCBuildConfiguration;
			buildSettings = {
				ALWAYS_SEARCH_USER_PATHS = NO;
				CLANG_CXX_LANGUAGE_STANDARD = "gnu++0x";
				CLANG_CXX_LIBRARY = "libc++";
				CLANG_ENABLE_MODULES = YES;
				CLANG_ENABLE_OBJC_ARC = YES;
				CLANG_WARN_BOOL_CONVERSION = YES;
				CLANG_WARN_CONSTANT_CONVERSION = YES;
				CLANG_WARN_DIRECT_OBJC_ISA_USAGE = YES_ERROR;
				CLANG_WARN_EMPTY_BODY = YES;
				CLANG_WARN_ENUM_CONVERSION = YES;
				CLANG_WARN_INT_CONVERSION = YES;
				CLANG_WARN_OBJC_ROOT_CLASS = YES_ERROR;
				CLANG_WARN__DUPLICATE_METHOD_MATCH = YES;
				"CODE_SIGN_IDENTITY[sdk=iphoneos*]" = "iPhone Developer";
				COPY_PHASE_STRIP = YES;
				ENABLE_NS_ASSERTIONS = NO;
				GCC_C_LANGUAGE_STANDARD = gnu99;
				GCC_WARN_64_TO_32_BIT_CONVERSION = YES;
				GCC_WARN_ABOUT_RETURN_TYPE = YES_ERROR;
				GCC_WARN_UNDECLARED_SELECTOR = YES;
				GCC_WARN_UNINITIALIZED_AUTOS = YES_AGGRESSIVE;
				GCC_WARN_UNUSED_FUNCTION = YES;
				GCC_WARN_UNUSED_VARIABLE = YES;
				IPHONEOS_DEPLOYMENT_TARGET = 7.1;
				SDKROOT = iphoneos;
				TARGETED_DEVICE_FAMILY = 2;
				VALIDATE_PRODUCT = YES;
			};
			name = Release;
		};
		A4B1DF7219CA6B85004A3F9C /* Debug */ = {
			isa = XCBuildConfiguration;
			buildSettings = {
				ASSETCATALOG_COMPILER_APPICON_NAME = AppIcon;
				ASSETCATALOG_COMPILER_LAUNCHIMAGE_NAME = LaunchImage;
				GCC_PRECOMPILE_PREFIX_HEADER = YES;
				GCC_PREFIX_HEADER = "cameraSettingDemo/cameraSettingDemo-Prefix.pch";
				INFOPLIST_FILE = "cameraSettingDemo/cameraSettingDemo-Info.plist";
				PRODUCT_NAME = "$(TARGET_NAME)";
				WRAPPER_EXTENSION = app;
			};
			name = Debug;
		};
		A4B1DF7319CA6B85004A3F9C /* Release */ = {
			isa = XCBuildConfiguration;
			buildSettings = {
				ASSETCATALOG_COMPILER_APPICON_NAME = AppIcon;
				ASSETCATALOG_COMPILER_LAUNCHIMAGE_NAME = LaunchImage;
				GCC_PRECOMPILE_PREFIX_HEADER = YES;
				GCC_PREFIX_HEADER = "cameraSettingDemo/cameraSettingDemo-Prefix.pch";
				INFOPLIST_FILE = "cameraSettingDemo/cameraSettingDemo-Info.plist";
				PRODUCT_NAME = "$(TARGET_NAME)";
				WRAPPER_EXTENSION = app;
			};
			name = Release;
		};
		A4B1DF7519CA6B85004A3F9C /* Debug */ = {
			isa = XCBuildConfiguration;
			buildSettings = {
				BUNDLE_LOADER = "$(BUILT_PRODUCTS_DIR)/cameraSettingDemo.app/cameraSettingDemo";
				FRAMEWORK_SEARCH_PATHS = (
					"$(SDKROOT)/Developer/Library/Frameworks",
					"$(inherited)",
					"$(DEVELOPER_FRAMEWORKS_DIR)",
				);
				GCC_PRECOMPILE_PREFIX_HEADER = YES;
				GCC_PREFIX_HEADER = "cameraSettingDemo/cameraSettingDemo-Prefix.pch";
				GCC_PREPROCESSOR_DEFINITIONS = (
					"DEBUG=1",
					"$(inherited)",
				);
				INFOPLIST_FILE = "cameraSettingDemoTests/cameraSettingDemoTests-Info.plist";
				PRODUCT_NAME = "$(TARGET_NAME)";
				TEST_HOST = "$(BUNDLE_LOADER)";
				WRAPPER_EXTENSION = xctest;
			};
			name = Debug;
		};
		A4B1DF7619CA6B85004A3F9C /* Release */ = {
			isa = XCBuildConfiguration;
			buildSettings = {
				BUNDLE_LOADER = "$(BUILT_PRODUCTS_DIR)/cameraSettingDemo.app/cameraSettingDemo";
				FRAMEWORK_SEARCH_PATHS = (
					"$(SDKROOT)/Developer/Library/Frameworks",
					"$(inherited)",
					"$(DEVELOPER_FRAMEWORKS_DIR)",
				);
				GCC_PRECOMPILE_PREFIX_HEADER = YES;
				GCC_PREFIX_HEADER = "cameraSettingDemo/cameraSettingDemo-Prefix.pch";
				INFOPLIST_FILE = "cameraSettingDemoTests/cameraSettingDemoTests-Info.plist";
				PRODUCT_NAME = "$(TARGET_NAME)";
				TEST_HOST = "$(BUNDLE_LOADER)";
				WRAPPER_EXTENSION = xctest;
			};
			name = Release;
		};
/* End XCBuildConfiguration section */

/* Begin XCConfigurationList section */
		A4B1DF3A19CA6B85004A3F9C /* Build configuration list for PBXProject "cameraSettingDemo" */ = {
			isa = XCConfigurationList;
			buildConfigurations = (
				A4B1DF6F19CA6B85004A3F9C /* Debug */,
				A4B1DF7019CA6B85004A3F9C /* Release */,
			);
			defaultConfigurationIsVisible = 0;
			defaultConfigurationName = Release;
		};
		A4B1DF7119CA6B85004A3F9C /* Build configuration list for PBXNativeTarget "cameraSettingDemo" */ = {
			isa = XCConfigurationList;
			buildConfigurations = (
				A4B1DF7219CA6B85004A3F9C /* Debug */,
				A4B1DF7319CA6B85004A3F9C /* Release */,
			);
			defaultConfigurationIsVisible = 0;
			defaultConfigurationName = Release;
		};
		A4B1DF7419CA6B85004A3F9C /* Build configuration list for PBXNativeTarget "cameraSettingDemoTests" */ = {
			isa = XCConfigurationList;
			buildConfigurations = (
				A4B1DF7519CA6B85004A3F9C /* Debug */,
				A4B1DF7619CA6B85004A3F9C /* Release */,
			);
			defaultConfigurationIsVisible = 0;
			defaultConfigurationName = Release;
		};
/* End XCConfigurationList section */
	};
	rootObject = A4B1DF3719CA6B85004A3F9C /* Project object */;
}
